// !$*UTF8*$!
{
	archiveVersion = 1;
	classes = {
	};
	objectVersion = 46;
	objects = {

/* Begin PBXBuildFile section */
		8F1E0526144F304F00727902 /* UIKit.framework in Frameworks */ = {isa = PBXBuildFile; fileRef = 8F1E0525144F304F00727902 /* UIKit.framework */; };
		8F1E0528144F304F00727902 /* Foundation.framework in Frameworks */ = {isa = PBXBuildFile; fileRef = 8F1E0527144F304F00727902 /* Foundation.framework */; };
		8F1E052A144F304F00727902 /* CoreGraphics.framework in Frameworks */ = {isa = PBXBuildFile; fileRef = 8F1E0529144F304F00727902 /* CoreGraphics.framework */; };
		8F1E0530144F304F00727902 /* InfoPlist.strings in Resources */ = {isa = PBXBuildFile; fileRef = 8F1E052E144F304F00727902 /* InfoPlist.strings */; };
		8F1E0533144F304F00727902 /* main.m in Sources */ = {isa = PBXBuildFile; fileRef = 8F1E0532144F304F00727902 /* main.m */; };
		8F1E0536144F304F00727902 /* viewimagetouchtestAppDelegate.m in Sources */ = {isa = PBXBuildFile; fileRef = 8F1E0535144F304F00727902 /* viewimagetouchtestAppDelegate.m */; };
		8F1E0539144F304F00727902 /* MainWindow.xib in Resources */ = {isa = PBXBuildFile; fileRef = 8F1E0537144F304F00727902 /* MainWindow.xib */; };
		8F1E053C144F304F00727902 /* viewimagetouchtestViewController.m in Sources */ = {isa = PBXBuildFile; fileRef = 8F1E053B144F304F00727902 /* viewimagetouchtestViewController.m */; };
		8F1E053F144F304F00727902 /* viewimagetouchtestViewController.xib in Resources */ = {isa = PBXBuildFile; fileRef = 8F1E053D144F304F00727902 /* viewimagetouchtestViewController.xib */; };
		8F1E0547144F307000727902 /* assets in Resources */ = {isa = PBXBuildFile; fileRef = 8F1E0546144F307000727902 /* assets */; };
		8F1E054B144F351F00727902 /* SPDiceView.m in Sources */ = {isa = PBXBuildFile; fileRef = 8F1E054A144F351F00727902 /* SPDiceView.m */; };
		8F1E054F144F374900727902 /* SPDie.m in Sources */ = {isa = PBXBuildFile; fileRef = 8F1E054E144F374900727902 /* SPDie.m */; };
/* End PBXBuildFile section */

/* Begin PBXFileReference section */
		8F1E0521144F304F00727902 /* viewimagetouchtest.app */ = {isa = PBXFileReference; explicitFileType = wrapper.application; includeInIndex = 0; path = viewimagetouchtest.app; sourceTree = BUILT_PRODUCTS_DIR; };
		8F1E0525144F304F00727902 /* UIKit.framework */ = {isa = PBXFileReference; lastKnownFileType = wrapper.framework; name = UIKit.framework; path = System/Library/Frameworks/UIKit.framework; sourceTree = SDKROOT; };
		8F1E0527144F304F00727902 /* Foundation.framework */ = {isa = PBXFileReference; lastKnownFileType = wrapper.framework; name = Foundation.framework; path = System/Library/Frameworks/Foundation.framework; sourceTree = SDKROOT; };
		8F1E0529144F304F00727902 /* CoreGraphics.framework */ = {isa = PBXFileReference; lastKnownFileType = wrapper.framework; name = CoreGraphics.framework; path = System/Library/Frameworks/CoreGraphics.framework; sourceTree = SDKROOT; };
		8F1E052D144F304F00727902 /* viewimagetouchtest-Info.plist */ = {isa = PBXFileReference; lastKnownFileType = text.plist.xml; path = "viewimagetouchtest-Info.plist"; sourceTree = "<group>"; };
		8F1E052F144F304F00727902 /* en */ = {isa = PBXFileReference; lastKnownFileType = text.plist.strings; name = en; path = en.lproj/InfoPlist.strings; sourceTree = "<group>"; };
		8F1E0531144F304F00727902 /* viewimagetouchtest-Prefix.pch */ = {isa = PBXFileReference; lastKnownFileType = sourcecode.c.h; path = "viewimagetouchtest-Prefix.pch"; sourceTree = "<group>"; };
		8F1E0532144F304F00727902 /* main.m */ = {isa = PBXFileReference; lastKnownFileType = sourcecode.c.objc; path = main.m; sourceTree = "<group>"; };
		8F1E0534144F304F00727902 /* viewimagetouchtestAppDelegate.h */ = {isa = PBXFileReference; lastKnownFileType = sourcecode.c.h; path = viewimagetouchtestAppDelegate.h; sourceTree = "<group>"; };
		8F1E0535144F304F00727902 /* viewimagetouchtestAppDelegate.m */ = {isa = PBXFileReference; lastKnownFileType = sourcecode.c.objc; path = viewimagetouchtestAppDelegate.m; sourceTree = "<group>"; };
		8F1E0538144F304F00727902 /* en */ = {isa = PBXFileReference; lastKnownFileType = file.xib; name = en; path = en.lproj/MainWindow.xib; sourceTree = "<group>"; };
		8F1E053A144F304F00727902 /* viewimagetouchtestViewController.h */ = {isa = PBXFileReference; lastKnownFileType = sourcecode.c.h; path = viewimagetouchtestViewController.h; sourceTree = "<group>"; };
		8F1E053B144F304F00727902 /* viewimagetouchtestViewController.m */ = {isa = PBXFileReference; lastKnownFileType = sourcecode.c.objc; path = viewimagetouchtestViewController.m; sourceTree = "<group>"; };
		8F1E053E144F304F00727902 /* en */ = {isa = PBXFileReference; lastKnownFileType = file.xib; name = en; path = en.lproj/viewimagetouchtestViewController.xib; sourceTree = "<group>"; };
		8F1E0546144F307000727902 /* assets */ = {isa = PBXFileReference; lastKnownFileType = folder; name = assets; path = ../assets; sourceTree = "<group>"; };
		8F1E0549144F351F00727902 /* SPDiceView.h */ = {isa = PBXFileReference; fileEncoding = 4; lastKnownFileType = sourcecode.c.h; name = SPDiceView.h; path = Controls/SPDiceView.h; sourceTree = "<group>"; };
		8F1E054A144F351F00727902 /* SPDiceView.m */ = {isa = PBXFileReference; fileEncoding = 4; lastKnownFileType = sourcecode.c.objc; name = SPDiceView.m; path = Controls/SPDiceView.m; sourceTree = "<group>"; };
		8F1E054D144F374900727902 /* SPDie.h */ = {isa = PBXFileReference; fileEncoding = 4; lastKnownFileType = sourcecode.c.h; name = SPDie.h; path = Model/SPDie.h; sourceTree = "<group>"; };
		8F1E054E144F374900727902 /* SPDie.m */ = {isa = PBXFileReference; fileEncoding = 4; lastKnownFileType = sourcecode.c.objc; name = SPDie.m; path = Model/SPDie.m; sourceTree = "<group>"; };
/* End PBXFileReference section */

/* Begin PBXFrameworksBuildPhase section */
		8F1E051E144F304F00727902 /* Frameworks */ = {
			isa = PBXFrameworksBuildPhase;
			buildActionMask = 2147483647;
			files = (
				8F1E0526144F304F00727902 /* UIKit.framework in Frameworks */,
				8F1E0528144F304F00727902 /* Foundation.framework in Frameworks */,
				8F1E052A144F304F00727902 /* CoreGraphics.framework in Frameworks */,
			);
			runOnlyForDeploymentPostprocessing = 0;
		};
/* End PBXFrameworksBuildPhase section */

/* Begin PBXGroup section */
		8F1E0516144F304E00727902 = {
			isa = PBXGroup;
			children = (
				8F1E0546144F307000727902 /* assets */,
				8F1E054C144F371000727902 /* Model */,
				8F1E0548144F34C200727902 /* Controls */,
				8F1E052B144F304F00727902 /* viewimagetouchtest */,
				8F1E0524144F304F00727902 /* Frameworks */,
				8F1E0522144F304F00727902 /* Products */,
			);
			sourceTree = "<group>";
		};
		8F1E0522144F304F00727902 /* Products */ = {
			isa = PBXGroup;
			children = (
				8F1E0521144F304F00727902 /* viewimagetouchtest.app */,
			);
			name = Products;
			sourceTree = "<group>";
		};
		8F1E0524144F304F00727902 /* Frameworks */ = {
			isa = PBXGroup;
			children = (
				8F1E0525144F304F00727902 /* UIKit.framework */,
				8F1E0527144F304F00727902 /* Foundation.framework */,
				8F1E0529144F304F00727902 /* CoreGraphics.framework */,
			);
			name = Frameworks;
			sourceTree = "<group>";
		};
		8F1E052B144F304F00727902 /* viewimagetouchtest */ = {
			isa = PBXGroup;
			children = (
				8F1E0534144F304F00727902 /* viewimagetouchtestAppDelegate.h */,
				8F1E0535144F304F00727902 /* viewimagetouchtestAppDelegate.m */,
				8F1E0537144F304F00727902 /* MainWindow.xib */,
				8F1E053A144F304F00727902 /* viewimagetouchtestViewController.h */,
				8F1E053B144F304F00727902 /* viewimagetouchtestViewController.m */,
				8F1E053D144F304F00727902 /* viewimagetouchtestViewController.xib */,
				8F1E052C144F304F00727902 /* Supporting Files */,
			);
			path = viewimagetouchtest;
			sourceTree = "<group>";
		};
		8F1E052C144F304F00727902 /* Supporting Files */ = {
			isa = PBXGroup;
			children = (
				8F1E052D144F304F00727902 /* viewimagetouchtest-Info.plist */,
				8F1E052E144F304F00727902 /* InfoPlist.strings */,
				8F1E0531144F304F00727902 /* viewimagetouchtest-Prefix.pch */,
				8F1E0532144F304F00727902 /* main.m */,
			);
			name = "Supporting Files";
			sourceTree = "<group>";
		};
		8F1E0548144F34C200727902 /* Controls */ = {
			isa = PBXGroup;
			children = (
				8F1E0549144F351F00727902 /* SPDiceView.h */,
				8F1E054A144F351F00727902 /* SPDiceView.m */,
			);
			name = Controls;
			sourceTree = "<group>";
		};
		8F1E054C144F371000727902 /* Model */ = {
			isa = PBXGroup;
			children = (
				8F1E054D144F374900727902 /* SPDie.h */,
				8F1E054E144F374900727902 /* SPDie.m */,
			);
			name = Model;
			sourceTree = "<group>";
		};
/* End PBXGroup section */

/* Begin PBXNativeTarget section */
		8F1E0520144F304F00727902 /* viewimagetouchtest */ = {
			isa = PBXNativeTarget;
			buildConfigurationList = 8F1E0542144F304F00727902 /* Build configuration list for PBXNativeTarget "viewimagetouchtest" */;
			buildPhases = (
				8F1E051D144F304F00727902 /* Sources */,
				8F1E051E144F304F00727902 /* Frameworks */,
				8F1E051F144F304F00727902 /* Resources */,
			);
			buildRules = (
			);
			dependencies = (
			);
			name = viewimagetouchtest;
			productName = viewimagetouchtest;
			productReference = 8F1E0521144F304F00727902 /* viewimagetouchtest.app */;
			productType = "com.apple.product-type.application";
		};
/* End PBXNativeTarget section */

/* Begin PBXProject section */
		8F1E0518144F304E00727902 /* Project object */ = {
			isa = PBXProject;
			buildConfigurationList = 8F1E051B144F304E00727902 /* Build configuration list for PBXProject "viewimagetouchtest" */;
			compatibilityVersion = "Xcode 3.2";
			developmentRegion = English;
			hasScannedForEncodings = 0;
			knownRegions = (
				en,
			);
			mainGroup = 8F1E0516144F304E00727902;
			productRefGroup = 8F1E0522144F304F00727902 /* Products */;
			projectDirPath = "";
			projectRoot = "";
			targets = (
				8F1E0520144F304F00727902 /* viewimagetouchtest */,
			);
		};
/* End PBXProject section */

/* Begin PBXResourcesBuildPhase section */
		8F1E051F144F304F00727902 /* Resources */ = {
			isa = PBXResourcesBuildPhase;
			buildActionMask = 2147483647;
			files = (
				8F1E0530144F304F00727902 /* InfoPlist.strings in Resources */,
				8F1E0539144F304F00727902 /* MainWindow.xib in Resources */,
				8F1E053F144F304F00727902 /* viewimagetouchtestViewController.xib in Resources */,
				8F1E0547144F307000727902 /* assets in Resources */,
			);
			runOnlyForDeploymentPostprocessing = 0;
		};
/* End PBXResourcesBuildPhase section */

/* Begin PBXSourcesBuildPhase section */
		8F1E051D144F304F00727902 /* Sources */ = {
			isa = PBXSourcesBuildPhase;
			buildActionMask = 2147483647;
			files = (
				8F1E0533144F304F00727902 /* main.m in Sources */,
				8F1E0536144F304F00727902 /* viewimagetouchtestAppDelegate.m in Sources */,
				8F1E053C144F304F00727902 /* viewimagetouchtestViewController.m in Sources */,
				8F1E054B144F351F00727902 /* SPDiceView.m in Sources */,
				8F1E054F144F374900727902 /* SPDie.m in Sources */,
			);
			runOnlyForDeploymentPostprocessing = 0;
		};
/* End PBXSourcesBuildPhase section */

/* Begin PBXVariantGroup section */
		8F1E052E144F304F00727902 /* InfoPlist.strings */ = {
			isa = PBXVariantGroup;
			children = (
				8F1E052F144F304F00727902 /* en */,
			);
			name = InfoPlist.strings;
			sourceTree = "<group>";
		};
		8F1E0537144F304F00727902 /* MainWindow.xib */ = {
			isa = PBXVariantGroup;
			children = (
				8F1E0538144F304F00727902 /* en */,
			);
			name = MainWindow.xib;
			sourceTree = "<group>";
		};
		8F1E053D144F304F00727902 /* viewimagetouchtestViewController.xib */ = {
			isa = PBXVariantGroup;
			children = (
				8F1E053E144F304F00727902 /* en */,
			);
			name = viewimagetouchtestViewController.xib;
			sourceTree = "<group>";
		};
/* End PBXVariantGroup section */

/* Begin XCBuildConfiguration section */
		8F1E0540144F304F00727902 /* Debug */ = {
			isa = XCBuildConfiguration;
			buildSettings = {
				ARCHS = "$(ARCHS_STANDARD_32_BIT)";
				"CODE_SIGN_IDENTITY[sdk=iphoneos*]" = "iPhone Developer";
				GCC_C_LANGUAGE_STANDARD = gnu99;
				GCC_OPTIMIZATION_LEVEL = 0;
				GCC_PREPROCESSOR_DEFINITIONS = DEBUG;
				GCC_SYMBOLS_PRIVATE_EXTERN = NO;
				GCC_VERSION = com.apple.compilers.llvmgcc42;
				GCC_WARN_ABOUT_RETURN_TYPE = YES;
				GCC_WARN_UNUSED_VARIABLE = YES;
				IPHONEOS_DEPLOYMENT_TARGET = 4.0;
				SDKROOT = iphoneos;
			};
			name = Debug;
		};
		8F1E0541144F304F00727902 /* Release */ = {
			isa = XCBuildConfiguration;
			buildSettings = {
				ARCHS = "$(ARCHS_STANDARD_32_BIT)";
				"CODE_SIGN_IDENTITY[sdk=iphoneos*]" = "iPhone Developer";
				GCC_C_LANGUAGE_STANDARD = gnu99;
				GCC_VERSION = com.apple.compilers.llvmgcc42;
				GCC_WARN_ABOUT_RETURN_TYPE = YES;
				GCC_WARN_UNUSED_VARIABLE = YES;
				IPHONEOS_DEPLOYMENT_TARGET = 4.0;
				OTHER_CFLAGS = "-DNS_BLOCK_ASSERTIONS=1";
				SDKROOT = iphoneos;
			};
			name = Release;
		};
		8F1E0543144F304F00727902 /* Debug */ = {
			isa = XCBuildConfiguration;
			buildSettings = {
				ALWAYS_SEARCH_USER_PATHS = NO;
				COPY_PHASE_STRIP = NO;
				GCC_DYNAMIC_NO_PIC = NO;
				GCC_PRECOMPILE_PREFIX_HEADER = YES;
				GCC_PREFIX_HEADER = "viewimagetouchtest/viewimagetouchtest-Prefix.pch";
				INFOPLIST_FILE = "viewimagetouchtest/viewimagetouchtest-Info.plist";
				PRODUCT_NAME = "$(TARGET_NAME)";
				WRAPPER_EXTENSION = app;
			};
			name = Debug;
		};
		8F1E0544144F304F00727902 /* Release */ = {
			isa = XCBuildConfiguration;
			buildSettings = {
				ALWAYS_SEARCH_USER_PATHS = NO;
				COPY_PHASE_STRIP = YES;
				GCC_PRECOMPILE_PREFIX_HEADER = YES;
				GCC_PREFIX_HEADER = "viewimagetouchtest/viewimagetouchtest-Prefix.pch";
				INFOPLIST_FILE = "viewimagetouchtest/viewimagetouchtest-Info.plist";
				PRODUCT_NAME = "$(TARGET_NAME)";
				VALIDATE_PRODUCT = YES;
				WRAPPER_EXTENSION = app;
			};
			name = Release;
		};
/* End XCBuildConfiguration section */

/* Begin XCConfigurationList section */
		8F1E051B144F304E00727902 /* Build configuration list for PBXProject "viewimagetouchtest" */ = {
			isa = XCConfigurationList;
			buildConfigurations = (
				8F1E0540144F304F00727902 /* Debug */,
				8F1E0541144F304F00727902 /* Release */,
			);
			defaultConfigurationIsVisible = 0;
			defaultConfigurationName = Release;
		};
		8F1E0542144F304F00727902 /* Build configuration list for PBXNativeTarget "viewimagetouchtest" */ = {
			isa = XCConfigurationList;
			buildConfigurations = (
				8F1E0543144F304F00727902 /* Debug */,
				8F1E0544144F304F00727902 /* Release */,
			);
			defaultConfigurationIsVisible = 0;
		};
/* End XCConfigurationList section */
	};
	rootObject = 8F1E0518144F304E00727902 /* Project object */;
}
